{
  "name": "zellijtest",
  "version": "1.0.0",
  "lockfileVersion": 3,
  "requires": true,
  "packages": {
    "": {
      "name": "zellijtest",
      "version": "1.0.0",
      "license": "ISC",
      "dependencies": {
        "@anthropic-ai/sdk": "^0.56.0",
        "claude": "^0.1.1"
      }
    },
    "node_modules/@anthropic-ai/sdk": {
      "version": "0.56.0",
      "resolved": "https://registry.npmjs.org/@anthropic-ai/sdk/-/sdk-0.56.0.tgz",
      "integrity": "sha512-SLCB8M8+VMg1cpCucnA1XWHGWqVSZtIWzmOdDOEu3eTFZMB+A0sGZ1ESO5MHDnqrNTXz3safMrWx9x4rMZSOqA==",
      "license": "MIT",
      "bin": {
        "anthropic-ai-sdk": "bin/cli"
      }
    },
    "node_modules/claude": {
      "version": "0.1.1",
      "resolved": "https://registry.npmjs.org/claude/-/claude-0.1.1.tgz",
      "integrity": "sha512-j7oSibqQdIODNhkI1sEJzHMiPsF43L/GqNbcA+eDDyGM10+x2sH9NW/PK6vM3z0J2tLDKMBcc5ZjVaoRinhuCA==",
      "license": "ISC"
    }
  }
}
